
Microsoft Visual Studio Solution File, Format Version 12.00
# Visual Studio Version 17
VisualStudioVersion = 17.0.31903.59
MinimumVisualStudioVersion = 10.0.40219.1
Project("{FAE04EC0-301F-11D3-BF4B-00C04F79EFBC}") = "graphic editor", "graphic editor\graphic editor.csproj", "{E59F3BFF-DCE2-4D00-994F-8298A6572388}"
EndProject
Global
	GlobalSection(SolutionConfigurationPlatforms) = preSolution
		Debug|Any CPU = Debug|Any CPU
		Release|Any CPU = Release|Any CPU
	EndGlobalSection
	GlobalSection(ProjectConfigurationPlatforms) = postSolution
		{E59F3BFF-DCE2-4D00-994F-8298A6572388}.Debug|Any CPU.ActiveCfg = Debug|Any CPU
		{E59F3BFF-DCE2-4D00-994F-8298A6572388}.Debug|Any CPU.Build.0 = Debug|Any CPU
		{E59F3BFF-DCE2-4D00-994F-8298A6572388}.Release|Any CPU.ActiveCfg = Release|Any CPU
		{E59F3BFF-DCE2-4D00-994F-8298A6572388}.Release|Any CPU.Build.0 = Release|Any CPU
	EndGlobalSection
	GlobalSection(SolutionProperties) = preSolution
		HideSolutionNode = FALSE
	EndGlobalSection
	GlobalSection(ExtensibilityGlobals) = postSolution
		SolutionGuid = {35793552-F147-42A3-90CD-D3BFCE30B328}
	EndGlobalSection
EndGlobal
